{
  "originHash" : "a9204e54cd2419575477f30e58da70c4d047080f5feb21818cbcc9ddf61d352d",
  "pins" : [
    {
      "identity" : "files",
      "kind" : "remoteSourceControl",
      "location" : "https://github.com/brightdigit/Files.git",
      "state" : {
        "branch" : "brightdigit-com-260406",
        "revision" : "7ee69ba0bfc0d2c771458ea17ee4933545e896a8"
      }
    },
    {
      "identity" : "ink",
      "kind" : "remoteSourceControl",
      "location" : "https://github.com/brightdigit/Ink.git",
      "state" : {
        "branch" : "brightdigit-com-260406",
        "revision" : "443d80e352ec3cdd07eed54bd84a9789378d8665"
      }
    },
    {
      "identity" : "plot",
      "kind" : "remoteSourceControl",
      "location" : "https://github.com/brightdigit/Plot.git",
      "state" : {
        "branch" : "brightdigit-com-260406",
        "revision" : "c357a8a5303159900017176a1450f6b825e6fb93"
      }
    },
    {
      "identity" : "publish",
      "kind" : "remoteSourceControl",
      "location" : "https://github.com/brightdigit/Publish.git",
      "state" : {
        "branch" : "brightdigit-com-260406",
        "revision" : "7118f0a6967a98f3e8e0b69c696be85258504ed2"
      }
    },
    {
      "identity" : "swift-cmark",
      "kind" : "remoteSourceControl",
      "location" : "https://github.com/swiftlang/swift-cmark.git",
      "state" : {
        "branch" : "gfm",
        "revision" : "0101bf2c6ff6a218f93150f340fe5ccf76d9f3aa"
      }
    },
    {
      "identity" : "swift-markdown",
      "kind" : "remoteSourceControl",
      "location" : "https://github.com/swiftlang/swift-markdown.git",
      "state" : {
        "branch" : "main",
        "revision" : "4661b550c55abde97d14e35b89e094084669f40a"
      }
    }
  ],
  "version" : 3
}
