{
  "originHash" : "638db733f06d3e386d2659edac23b09af57df08b353cf4629c5b06f212e1eb5b",
  "pins" : [
    {
      "identity" : "files",
      "kind" : "remoteSourceControl",
      "location" : "https://github.com/brightdigit/Files.git",
      "state" : {
        "revision" : "73dcb84466e707e0dc1e1d66c3bf6378f0ff6519",
        "version" : "5.0.0-alpha.1"
      }
    },
    {
      "identity" : "ink",
      "kind" : "remoteSourceControl",
      "location" : "https://github.com/brightdigit/Ink.git",
      "state" : {
        "revision" : "74d366a1c20733b43a5f0c9996638e18b17e5c5d",
        "version" : "1.0.0-alpha.1"
      }
    },
    {
      "identity" : "plot",
      "kind" : "remoteSourceControl",
      "location" : "https://github.com/brightdigit/Plot.git",
      "state" : {
        "revision" : "3da284ac3de23491d0f94cfd72153566c7e832cc",
        "version" : "1.0.0-alpha.1"
      }
    },
    {
      "identity" : "publish",
      "kind" : "remoteSourceControl",
      "location" : "https://github.com/brightdigit/Publish.git",
      "state" : {
        "revision" : "ca83cdd5bda1fe622e70b3f4c014d44a4a275d76",
        "version" : "1.0.0-alpha.1"
      }
    },
    {
      "identity" : "swift-cmark",
      "kind" : "remoteSourceControl",
      "location" : "https://github.com/swiftlang/swift-cmark.git",
      "state" : {
        "revision" : "924936d0427cb25a61169739a7660230bffa6ea6",
        "version" : "0.8.0"
      }
    },
    {
      "identity" : "swift-markdown",
      "kind" : "remoteSourceControl",
      "location" : "https://github.com/swiftlang/swift-markdown.git",
      "state" : {
        "revision" : "3c6f9523da3a1ec2fd829673e472d95b8097a3b8",
        "version" : "0.8.0"
      }
    }
  ],
  "version" : 3
}
